<?xml version="1.0" encoding="UTF-8"?>
<CONFIG>
  <ProjectOptions>
    <Version Value="11"/>
    <PathDelim Value="\"/>
    <General>
      <Flags>
        <LRSInOutputDirectory Value="False"/>
      </Flags>
      <MainUnit Value="0"/>
      <Title Value="Sudoku 3"/>
      <Scaled Value="True"/>
    </General>
    <VersionInfo>
      <UseVersionInfo Value="True"/>
      <MajorVersionNr Value="3"/>
      <StringTable CompanyName="Martin Schlegel" InternalName="Sudoku" OriginalFilename="sudoku" ProductName="Sudoku Game" ProductVersion="0.0.0.0"/>
    </VersionInfo>
    <BuildModes Count="2">
      <Item1 Name="default" Default="True"/>
      <Item2 Name="debug">
        <CompilerOptions>
          <Version Value="11"/>
          <PathDelim Value="\"/>
          <Target>
            <Filename Value="Sudoku3"/>
          </Target>
          <SearchPaths>
            <OtherUnitFiles Value="common"/>
          </SearchPaths>
          <Parsing>
            <SyntaxOptions>
              <IncludeAssertionCode Value="True"/>
              <AllowLabel Value="False"/>
              <CPPInline Value="False"/>
            </SyntaxOptions>
          </Parsing>
          <CodeGeneration>
            <SmartLinkUnit Value="True"/>
            <Checks>
              <IOChecks Value="True"/>
              <RangeChecks Value="True"/>
              <OverflowChecks Value="True"/>
              <StackChecks Value="True"/>
            </Checks>
            <VerifyObjMethodCallValidity Value="True"/>
          </CodeGeneration>
          <Linking>
            <Debugging>
              <UseHeaptrc Value="True"/>
              <TrashVariables Value="True"/>
            </Debugging>
            <LinkSmart Value="True"/>
          </Linking>
        </CompilerOptions>
      </Item2>
    </BuildModes>
    <PublishOptions>
      <Version Value="2"/>
    </PublishOptions>
    <RunParams>
      <local>
        <LaunchingApplication PathPlusParams="/usr/X11R6/bin/xterm -T 'Lazarus Run Output' -e $(LazarusDir)/tools/runwait.sh $(TargetCmdLine)"/>
      </local>
      <FormatVersion Value="2"/>
      <Modes Count="1">
        <Mode0 Name="default">
          <local>
            <LaunchingApplication PathPlusParams="/usr/X11R6/bin/xterm -T 'Lazarus Run Output' -e $(LazarusDir)/tools/runwait.sh $(TargetCmdLine)"/>
          </local>
        </Mode0>
      </Modes>
    </RunParams>
    <RequiredPackages Count="1">
      <Item1>
        <PackageName Value="LCL"/>
      </Item1>
    </RequiredPackages>
    <Units Count="14">
      <Unit0>
        <Filename Value="sudoku3Project.lpr"/>
        <IsPartOfProject Value="True"/>
        <EditorIndex Value="-1"/>
        <CursorPos X="53" Y="8"/>
        <UsageCount Value="40"/>
      </Unit0>
      <Unit1>
        <Filename Value="Sudoku3Surface.pas"/>
        <IsPartOfProject Value="True"/>
        <ComponentName Value="SudokuMainForm"/>
        <HasResources Value="True"/>
        <ResourceBaseClass Value="Form"/>
        <IsVisibleTab Value="True"/>
        <TopLine Value="91"/>
        <CursorPos X="61" Y="95"/>
        <UsageCount Value="40"/>
        <Bookmarks Count="1">
          <Item0 X="5" Y="138" ID="1"/>
        </Bookmarks>
        <Loaded Value="True"/>
        <LoadedDesigner Value="True"/>
      </Unit1>
      <Unit2>
        <Filename Value="sudoku.pas"/>
        <EditorIndex Value="-1"/>
        <UsageCount Value="18"/>
      </Unit2>
      <Unit3>
        <Filename Value="C:\lazarus\lcl\graphics.pp"/>
        <UnitName Value="Graphics"/>
        <TopLine Value="34"/>
        <CursorPos X="33" Y="50"/>
        <UsageCount Value="10"/>
      </Unit3>
      <Unit4>
        <Filename Value="C:\lazarus\fpc\2.0.4\source\rtl\objpas\classes\classesh.inc"/>
        <TopLine Value="1328"/>
        <CursorPos X="15" Y="1344"/>
        <UsageCount Value="10"/>
      </Unit4>
      <Unit5>
        <Filename Value="mySimpleStrings.pas"/>
        <TopLine Value="47"/>
        <CursorPos Y="47"/>
        <UsageCount Value="10"/>
      </Unit5>
      <Unit6>
        <Filename Value="C:\lazarus\fpc\2.0.4\source\rtl\inc\dosh.inc"/>
        <TopLine Value="79"/>
        <CursorPos Y="79"/>
        <UsageCount Value="10"/>
      </Unit6>
      <Unit7>
        <Filename Value="C:\lazarus\lcl\forms.pp"/>
        <UnitName Value="Forms"/>
        <TopLine Value="765"/>
        <CursorPos X="3" Y="709"/>
        <UsageCount Value="11"/>
      </Unit7>
      <Unit8>
        <Filename Value="sudokusettings.pas"/>
        <IsPartOfProject Value="True"/>
        <ComponentName Value="optionsForm"/>
        <HasResources Value="True"/>
        <ResourceBaseClass Value="Form"/>
        <UnitName Value="sudokuSettings"/>
        <EditorIndex Value="-1"/>
        <UsageCount Value="25"/>
      </Unit8>
      <Unit9>
        <Filename Value="sudokuhighscores.pas"/>
        <IsPartOfProject Value="True"/>
        <ComponentName Value="highscoresForm"/>
        <HasResources Value="True"/>
        <ResourceBaseClass Value="Form"/>
        <UnitName Value="sudokuHighscores"/>
        <EditorIndex Value="-1"/>
        <TopLine Value="10"/>
        <CursorPos X="95" Y="11"/>
        <UsageCount Value="25"/>
      </Unit9>
      <Unit10>
        <Filename Value="common\serializationUtil.pas"/>
        <EditorIndex Value="-1"/>
        <TopLine Value="81"/>
        <CursorPos X="16" Y="103"/>
        <UsageCount Value="12"/>
      </Unit10>
      <Unit11>
        <Filename Value="..\lazarus64\lcl\extctrls.pp"/>
        <UnitName Value="ExtCtrls"/>
        <EditorIndex Value="-1"/>
        <TopLine Value="537"/>
        <CursorPos X="3" Y="559"/>
        <UsageCount Value="10"/>
      </Unit11>
      <Unit12>
        <Filename Value="endofgameunit.pas"/>
        <IsPartOfProject Value="True"/>
        <ComponentName Value="endOfGameForm"/>
        <HasResources Value="True"/>
        <ResourceBaseClass Value="Form"/>
        <UnitName Value="endOfGameUnit"/>
        <EditorIndex Value="-1"/>
        <TopLine Value="8"/>
        <CursorPos Y="49"/>
        <UsageCount Value="22"/>
      </Unit12>
      <Unit13>
        <Filename Value="exportunit.pas"/>
        <IsPartOfProject Value="True"/>
        <ComponentName Value="exportForm"/>
        <HasResources Value="True"/>
        <ResourceBaseClass Value="Form"/>
        <UnitName Value="exportUnit"/>
        <EditorIndex Value="-1"/>
        <TopLine Value="125"/>
        <CursorPos X="88" Y="147"/>
        <UsageCount Value="22"/>
      </Unit13>
    </Units>
    <JumpHistory Count="5" HistoryIndex="4">
      <Position1>
        <Filename Value="Sudoku3Surface.pas"/>
        <Caret Line="8" Column="46"/>
      </Position1>
      <Position2>
        <Filename Value="Sudoku3Surface.pas"/>
        <Caret Line="8" Column="46" TopLine="3"/>
      </Position2>
      <Position3>
        <Filename Value="Sudoku3Surface.pas"/>
        <Caret Line="132" Column="17" TopLine="117"/>
      </Position3>
      <Position4>
        <Filename Value="Sudoku3Surface.pas"/>
        <Caret Line="141" TopLine="117"/>
      </Position4>
      <Position5>
        <Filename Value="Sudoku3Surface.pas"/>
        <Caret Line="51" Column="82" TopLine="43"/>
      </Position5>
    </JumpHistory>
  </ProjectOptions>
  <CompilerOptions>
    <Version Value="11"/>
    <PathDelim Value="\"/>
    <Target>
      <Filename Value="Sudoku"/>
    </Target>
    <SearchPaths>
      <OtherUnitFiles Value="common"/>
    </SearchPaths>
    <Parsing>
      <SyntaxOptions>
        <AllowLabel Value="False"/>
        <CPPInline Value="False"/>
      </SyntaxOptions>
    </Parsing>
    <CodeGeneration>
      <SmartLinkUnit Value="True"/>
      <Optimizations>
        <OptimizationLevel Value="3"/>
      </Optimizations>
    </CodeGeneration>
    <Linking>
      <Debugging>
        <GenerateDebugInfo Value="False"/>
        <UseLineInfoUnit Value="False"/>
        <StripSymbols Value="True"/>
      </Debugging>
      <LinkSmart Value="True"/>
      <Options>
        <Win32>
          <GraphicApplication Value="True"/>
        </Win32>
      </Options>
    </Linking>
  </CompilerOptions>
  <Debugging>
    <Exceptions Count="2">
      <Item1>
        <Name Value="ECodetoolError"/>
      </Item1>
      <Item2>
        <Name Value="EFOpenError"/>
      </Item2>
    </Exceptions>
  </Debugging>
</CONFIG>
