<?xml version="1.0" encoding="UTF-8"?>
<CONFIG>
  <ProjectOptions>
    <Version Value="10"/>
    <PathDelim Value="\"/>
    <General>
      <Flags>
        <LRSInOutputDirectory Value="False"/>
      </Flags>
      <MainUnit Value="0"/>
      <Title Value="Sudoku 3"/>
    </General>
    <BuildModes Count="1">
      <Item1 Name="default" Default="True"/>
    </BuildModes>
    <PublishOptions>
      <Version Value="2"/>
      <IgnoreBinaries Value="False"/>
      <IncludeFileFilter Value="*.(pas|pp|inc|lfm|lpr|lrs|lpi|lpk|sh|xml)"/>
      <ExcludeFileFilter Value="*.(bak|ppu|ppw|o|so);*~;backup"/>
    </PublishOptions>
    <RunParams>
      <local>
        <FormatVersion Value="1"/>
        <LaunchingApplication PathPlusParams="/usr/X11R6/bin/xterm -T 'Lazarus Run Output' -e $(LazarusDir)/tools/runwait.sh $(TargetCmdLine)"/>
      </local>
    </RunParams>
    <RequiredPackages Count="1">
      <Item1>
        <PackageName Value="LCL"/>
      </Item1>
    </RequiredPackages>
    <Units Count="11">
      <Unit0>
        <Filename Value="sudoku3Project.lpr"/>
        <IsPartOfProject Value="True"/>
        <EditorIndex Value="5"/>
        <CursorPos X="76" Y="11"/>
        <UsageCount Value="35"/>
        <Loaded Value="True"/>
      </Unit0>
      <Unit1>
        <Filename Value="Sudoku3Surface.pas"/>
        <IsPartOfProject Value="True"/>
        <ComponentName Value="SudokuMainForm"/>
        <HasResources Value="True"/>
        <ResourceBaseClass Value="Form"/>
        <IsVisibleTab Value="True"/>
        <TopLine Value="635"/>
        <CursorPos X="20" Y="637"/>
        <UsageCount Value="35"/>
        <Loaded Value="True"/>
        <LoadedDesigner Value="True"/>
      </Unit1>
      <Unit2>
        <Filename Value="sudoku.pas"/>
        <EditorIndex Value="1"/>
        <TopLine Value="418"/>
        <CursorPos X="74" Y="437"/>
        <UsageCount Value="16"/>
        <Loaded Value="True"/>
      </Unit2>
      <Unit3>
        <Filename Value="C:\lazarus\lcl\graphics.pp"/>
        <UnitName Value="Graphics"/>
        <TopLine Value="34"/>
        <CursorPos X="33" Y="50"/>
        <UsageCount Value="10"/>
      </Unit3>
      <Unit4>
        <Filename Value="C:\lazarus\fpc\2.0.4\source\rtl\objpas\classes\classesh.inc"/>
        <TopLine Value="1328"/>
        <CursorPos X="15" Y="1344"/>
        <UsageCount Value="10"/>
      </Unit4>
      <Unit5>
        <Filename Value="mySimpleStrings.pas"/>
        <TopLine Value="47"/>
        <CursorPos Y="47"/>
        <UsageCount Value="10"/>
      </Unit5>
      <Unit6>
        <Filename Value="C:\lazarus\fpc\2.0.4\source\rtl\inc\dosh.inc"/>
        <TopLine Value="79"/>
        <CursorPos Y="79"/>
        <UsageCount Value="10"/>
      </Unit6>
      <Unit7>
        <Filename Value="C:\lazarus\lcl\forms.pp"/>
        <UnitName Value="Forms"/>
        <TopLine Value="765"/>
        <CursorPos X="3" Y="709"/>
        <UsageCount Value="11"/>
      </Unit7>
      <Unit8>
        <Filename Value="sudokusettings.pas"/>
        <IsPartOfProject Value="True"/>
        <ComponentName Value="Form1"/>
        <HasResources Value="True"/>
        <ResourceBaseClass Value="Form"/>
        <UnitName Value="sudokuSettings"/>
        <EditorIndex Value="3"/>
        <CursorPos X="21" Y="24"/>
        <UsageCount Value="20"/>
        <Loaded Value="True"/>
        <LoadedDesigner Value="True"/>
      </Unit8>
      <Unit9>
        <Filename Value="sudokuhighscores.pas"/>
        <IsPartOfProject Value="True"/>
        <ComponentName Value="Form2"/>
        <HasResources Value="True"/>
        <ResourceBaseClass Value="Form"/>
        <UnitName Value="sudokuHighscores"/>
        <EditorIndex Value="4"/>
        <CursorPos X="23" Y="24"/>
        <UsageCount Value="20"/>
        <Loaded Value="True"/>
        <LoadedDesigner Value="True"/>
      </Unit9>
      <Unit10>
        <Filename Value="common\serializationUtil.pas"/>
        <EditorIndex Value="2"/>
        <TopLine Value="83"/>
        <CursorPos Y="101"/>
        <UsageCount Value="10"/>
        <Loaded Value="True"/>
      </Unit10>
    </Units>
    <JumpHistory Count="30" HistoryIndex="29">
      <Position1>
        <Filename Value="Sudoku3Surface.pas"/>
        <Caret Line="555" Column="20" TopLine="529"/>
      </Position1>
      <Position2>
        <Filename Value="Sudoku3Surface.pas"/>
        <Caret Line="570" Column="13" TopLine="542"/>
      </Position2>
      <Position3>
        <Filename Value="Sudoku3Surface.pas"/>
        <Caret Line="574" TopLine="552"/>
      </Position3>
      <Position4>
        <Filename Value="Sudoku3Surface.pas"/>
        <Caret Line="634" Column="26" TopLine="607"/>
      </Position4>
      <Position5>
        <Filename Value="Sudoku3Surface.pas"/>
        <Caret Line="646" Column="25" TopLine="615"/>
      </Position5>
      <Position6>
        <Filename Value="Sudoku3Surface.pas"/>
        <Caret Line="637" Column="36" TopLine="615"/>
      </Position6>
      <Position7>
        <Filename Value="Sudoku3Surface.pas"/>
        <Caret Line="57" Column="12" TopLine="35"/>
      </Position7>
      <Position8>
        <Filename Value="Sudoku3Surface.pas"/>
        <Caret Line="649" Column="19" TopLine="628"/>
      </Position8>
      <Position9>
        <Filename Value="Sudoku3Surface.pas"/>
        <Caret Line="655" Column="52" TopLine="627"/>
      </Position9>
      <Position10>
        <Filename Value="Sudoku3Surface.pas"/>
        <Caret Line="690" Column="11" TopLine="655"/>
      </Position10>
      <Position11>
        <Filename Value="Sudoku3Surface.pas"/>
        <Caret Line="684" Column="29" TopLine="650"/>
      </Position11>
      <Position12>
        <Filename Value="Sudoku3Surface.pas"/>
        <Caret Line="693" TopLine="671"/>
      </Position12>
      <Position13>
        <Filename Value="Sudoku3Surface.pas"/>
        <Caret Line="850" Column="50" TopLine="828"/>
      </Position13>
      <Position14>
        <Filename Value="Sudoku3Surface.pas"/>
        <Caret Line="1046" Column="30" TopLine="1025"/>
      </Position14>
      <Position15>
        <Filename Value="Sudoku3Surface.pas"/>
        <Caret Line="1094" Column="16" TopLine="1072"/>
      </Position15>
      <Position16>
        <Filename Value="Sudoku3Surface.pas"/>
        <Caret Line="1096" Column="34" TopLine="1074"/>
      </Position16>
      <Position17>
        <Filename Value="Sudoku3Surface.pas"/>
        <Caret Line="1126" Column="49" TopLine="1103"/>
      </Position17>
      <Position18>
        <Filename Value="Sudoku3Surface.pas"/>
        <Caret Line="1129" Column="43" TopLine="1107"/>
      </Position18>
      <Position19>
        <Filename Value="Sudoku3Surface.pas"/>
        <Caret Line="1134" Column="35" TopLine="1112"/>
      </Position19>
      <Position20>
        <Filename Value="Sudoku3Surface.pas"/>
        <Caret Line="1264" TopLine="1220"/>
      </Position20>
      <Position21>
        <Filename Value="Sudoku3Surface.pas"/>
        <Caret Line="1121" TopLine="1112"/>
      </Position21>
      <Position22>
        <Filename Value="Sudoku3Surface.pas"/>
        <Caret Line="1129" Column="7" TopLine="1107"/>
      </Position22>
      <Position23>
        <Filename Value="Sudoku3Surface.pas"/>
        <Caret Line="27" Column="24"/>
      </Position23>
      <Position24>
        <Filename Value="Sudoku3Surface.pas"/>
        <Caret Line="566" Column="23" TopLine="544"/>
      </Position24>
      <Position25>
        <Filename Value="Sudoku3Surface.pas"/>
        <Caret Line="685" Column="26" TopLine="664"/>
      </Position25>
      <Position26>
        <Filename Value="Sudoku3Surface.pas"/>
        <Caret Line="1129" TopLine="1107"/>
      </Position26>
      <Position27>
        <Filename Value="Sudoku3Surface.pas"/>
        <Caret Line="1121" Column="17" TopLine="1113"/>
      </Position27>
      <Position28>
        <Filename Value="Sudoku3Surface.pas"/>
        <Caret Line="44" Column="16" TopLine="23"/>
      </Position28>
      <Position29>
        <Filename Value="Sudoku3Surface.pas"/>
        <Caret Line="547" Column="20" TopLine="545"/>
      </Position29>
      <Position30>
        <Filename Value="Sudoku3Surface.pas"/>
        <Caret Line="73" Column="14" TopLine="49"/>
      </Position30>
    </JumpHistory>
  </ProjectOptions>
  <CompilerOptions>
    <Version Value="11"/>
    <PathDelim Value="\"/>
    <Target>
      <Filename Value="Sudoku3"/>
    </Target>
    <SearchPaths>
      <OtherUnitFiles Value="common"/>
    </SearchPaths>
    <Parsing>
      <SyntaxOptions>
        <AllowLabel Value="False"/>
        <CPPInline Value="False"/>
      </SyntaxOptions>
    </Parsing>
    <CodeGeneration>
      <SmartLinkUnit Value="True"/>
    </CodeGeneration>
    <Linking>
      <Debugging>
        <GenerateDebugInfo Value="False"/>
        <UseLineInfoUnit Value="False"/>
        <StripSymbols Value="True"/>
      </Debugging>
      <LinkSmart Value="True"/>
      <Options>
        <Win32>
          <GraphicApplication Value="True"/>
        </Win32>
      </Options>
    </Linking>
  </CompilerOptions>
  <Debugging>
    <Exceptions Count="2">
      <Item1>
        <Name Value="ECodetoolError"/>
      </Item1>
      <Item2>
        <Name Value="EFOpenError"/>
      </Item2>
    </Exceptions>
  </Debugging>
</CONFIG>
