<?xml version="1.0" encoding="UTF-8"?>
<CONFIG>
  <ProjectOptions>
    <Version Value="11"/>
    <PathDelim Value="\"/>
    <General>
      <Flags>
        <LRSInOutputDirectory Value="False"/>
      </Flags>
      <MainUnit Value="0"/>
      <Title Value="Sudoku 3"/>
      <Icon Value="0"/>
    </General>
    <VersionInfo>
      <UseVersionInfo Value="True"/>
      <MajorVersionNr Value="3"/>
      <StringTable CompanyName="Martin Schlegel" InternalName="Sudoku" OriginalFilename="sudoku" ProductName="Sudoku Game" ProductVersion="0.0.0.0"/>
    </VersionInfo>
    <BuildModes Count="2" Active="debug">
      <Item1 Name="default" Default="True"/>
      <Item2 Name="debug">
        <CompilerOptions>
          <Version Value="11"/>
          <PathDelim Value="\"/>
          <Target>
            <Filename Value="Sudoku_debug"/>
          </Target>
          <SearchPaths>
            <OtherUnitFiles Value="common"/>
          </SearchPaths>
          <Parsing>
            <SyntaxOptions>
              <IncludeAssertionCode Value="True"/>
              <AllowLabel Value="False"/>
              <CPPInline Value="False"/>
            </SyntaxOptions>
          </Parsing>
          <CodeGeneration>
            <SmartLinkUnit Value="True"/>
            <Checks>
              <IOChecks Value="True"/>
              <RangeChecks Value="True"/>
              <OverflowChecks Value="True"/>
              <StackChecks Value="True"/>
            </Checks>
            <VerifyObjMethodCallValidity Value="True"/>
          </CodeGeneration>
          <Linking>
            <Debugging>
              <UseHeaptrc Value="True"/>
              <TrashVariables Value="True"/>
            </Debugging>
            <LinkSmart Value="True"/>
          </Linking>
        </CompilerOptions>
      </Item2>
    </BuildModes>
    <PublishOptions>
      <Version Value="2"/>
    </PublishOptions>
    <RunParams>
      <FormatVersion Value="2"/>
      <Modes Count="1">
        <Mode0 Name="default">
          <local>
            <LaunchingApplication PathPlusParams="/usr/X11R6/bin/xterm -T 'Lazarus Run Output' -e $(LazarusDir)/tools/runwait.sh $(TargetCmdLine)"/>
          </local>
        </Mode0>
      </Modes>
    </RunParams>
    <RequiredPackages Count="1">
      <Item1>
        <PackageName Value="LCL"/>
      </Item1>
    </RequiredPackages>
    <Units Count="19">
      <Unit0>
        <Filename Value="sudoku3Project.lpr"/>
        <IsPartOfProject Value="True"/>
        <EditorIndex Value="1"/>
        <CursorPos Y="17"/>
        <UsageCount Value="44"/>
        <Loaded Value="True"/>
      </Unit0>
      <Unit1>
        <Filename Value="Sudoku3Surface.pas"/>
        <IsPartOfProject Value="True"/>
        <ComponentName Value="SudokuMainForm"/>
        <HasResources Value="True"/>
        <ResourceBaseClass Value="Form"/>
        <IsVisibleTab Value="True"/>
        <TopLine Value="151"/>
        <CursorPos X="21" Y="166"/>
        <UsageCount Value="44"/>
        <Loaded Value="True"/>
        <LoadedDesigner Value="True"/>
      </Unit1>
      <Unit2>
        <Filename Value="sudoku.pas"/>
        <EditorIndex Value="4"/>
        <TopLine Value="304"/>
        <CursorPos X="33" Y="343"/>
        <UsageCount Value="20"/>
        <Loaded Value="True"/>
      </Unit2>
      <Unit3>
        <Filename Value="C:\lazarus\lcl\graphics.pp"/>
        <UnitName Value="Graphics"/>
        <TopLine Value="34"/>
        <CursorPos X="33" Y="50"/>
        <UsageCount Value="10"/>
      </Unit3>
      <Unit4>
        <Filename Value="C:\lazarus\fpc\2.0.4\source\rtl\objpas\classes\classesh.inc"/>
        <TopLine Value="1328"/>
        <CursorPos X="15" Y="1344"/>
        <UsageCount Value="10"/>
      </Unit4>
      <Unit5>
        <Filename Value="mySimpleStrings.pas"/>
        <TopLine Value="47"/>
        <CursorPos Y="47"/>
        <UsageCount Value="10"/>
      </Unit5>
      <Unit6>
        <Filename Value="C:\lazarus\fpc\2.0.4\source\rtl\inc\dosh.inc"/>
        <TopLine Value="79"/>
        <CursorPos Y="79"/>
        <UsageCount Value="10"/>
      </Unit6>
      <Unit7>
        <Filename Value="C:\lazarus\lcl\forms.pp"/>
        <UnitName Value="Forms"/>
        <TopLine Value="765"/>
        <CursorPos X="3" Y="709"/>
        <UsageCount Value="11"/>
      </Unit7>
      <Unit8>
        <Filename Value="sudokusettings.pas"/>
        <IsPartOfProject Value="True"/>
        <ComponentName Value="optionsForm"/>
        <HasResources Value="True"/>
        <ResourceBaseClass Value="Form"/>
        <UnitName Value="sudokuSettings"/>
        <EditorIndex Value="-1"/>
        <UsageCount Value="29"/>
      </Unit8>
      <Unit9>
        <Filename Value="sudokuhighscores.pas"/>
        <IsPartOfProject Value="True"/>
        <ComponentName Value="highscoresForm"/>
        <HasResources Value="True"/>
        <ResourceBaseClass Value="Form"/>
        <UnitName Value="sudokuHighscores"/>
        <EditorIndex Value="7"/>
        <TopLine Value="21"/>
        <CursorPos X="29" Y="28"/>
        <UsageCount Value="29"/>
        <Loaded Value="True"/>
        <LoadedDesigner Value="True"/>
      </Unit9>
      <Unit10>
        <Filename Value="common\serializationUtil.pas"/>
        <EditorIndex Value="-1"/>
        <TopLine Value="81"/>
        <CursorPos X="16" Y="103"/>
        <UsageCount Value="12"/>
      </Unit10>
      <Unit11>
        <Filename Value="..\lazarus64\lcl\extctrls.pp"/>
        <UnitName Value="ExtCtrls"/>
        <EditorIndex Value="-1"/>
        <TopLine Value="537"/>
        <CursorPos X="3" Y="559"/>
        <UsageCount Value="10"/>
      </Unit11>
      <Unit12>
        <Filename Value="endofgameunit.pas"/>
        <IsPartOfProject Value="True"/>
        <ComponentName Value="endOfGameForm"/>
        <HasResources Value="True"/>
        <ResourceBaseClass Value="Form"/>
        <UnitName Value="endOfGameUnit"/>
        <EditorIndex Value="-1"/>
        <TopLine Value="12"/>
        <CursorPos X="53" Y="30"/>
        <UsageCount Value="26"/>
      </Unit12>
      <Unit13>
        <Filename Value="exportunit.pas"/>
        <IsPartOfProject Value="True"/>
        <ComponentName Value="exportForm"/>
        <HasResources Value="True"/>
        <ResourceBaseClass Value="Form"/>
        <UnitName Value="exportUnit"/>
        <EditorIndex Value="-1"/>
        <TopLine Value="125"/>
        <CursorPos X="88" Y="147"/>
        <UsageCount Value="26"/>
      </Unit13>
      <Unit14>
        <Filename Value="..\lazarus64\fpc\3.0.4\source\rtl\objpas\sysutils\datih.inc"/>
        <EditorIndex Value="5"/>
        <TopLine Value="133"/>
        <CursorPos X="10" Y="155"/>
        <UsageCount Value="12"/>
        <Loaded Value="True"/>
      </Unit14>
      <Unit15>
        <Filename Value="..\lazarus64\fpc\3.0.4\source\rtl\objpas\sysutils\sysinth.inc"/>
        <EditorIndex Value="6"/>
        <TopLine Value="17"/>
        <CursorPos X="3" Y="33"/>
        <UsageCount Value="12"/>
        <Loaded Value="True"/>
      </Unit15>
      <Unit16>
        <Filename Value="..\lazarus64\lcl\controls.pp"/>
        <UnitName Value="Controls"/>
        <EditorIndex Value="2"/>
        <TopLine Value="1671"/>
        <CursorPos X="14" Y="1694"/>
        <UsageCount Value="11"/>
        <Loaded Value="True"/>
      </Unit16>
      <Unit17>
        <Filename Value="..\lazarus64\lcl\include\control.inc"/>
        <EditorIndex Value="-1"/>
        <TopLine Value="4202"/>
        <CursorPos X="3" Y="4207"/>
        <UsageCount Value="10"/>
      </Unit17>
      <Unit18>
        <Filename Value="..\lazarus64\fpc\3.0.4\source\rtl\objpas\types.pp"/>
        <UnitName Value="Types"/>
        <EditorIndex Value="3"/>
        <TopLine Value="61"/>
        <CursorPos X="3" Y="83"/>
        <UsageCount Value="11"/>
        <Loaded Value="True"/>
      </Unit18>
    </Units>
    <JumpHistory Count="30" HistoryIndex="29">
      <Position1>
        <Filename Value="sudoku.pas"/>
        <Caret Line="191" Column="68" TopLine="154"/>
      </Position1>
      <Position2>
        <Filename Value="sudoku.pas"/>
        <Caret Line="217" Column="38" TopLine="181"/>
      </Position2>
      <Position3>
        <Filename Value="sudoku.pas"/>
        <Caret Line="253" Column="32" TopLine="230"/>
      </Position3>
      <Position4>
        <Filename Value="sudoku.pas"/>
        <Caret Line="279" Column="14" TopLine="244"/>
      </Position4>
      <Position5>
        <Filename Value="sudoku.pas"/>
        <Caret Line="295" Column="27" TopLine="260"/>
      </Position5>
      <Position6>
        <Filename Value="sudoku.pas"/>
        <Caret Line="297" Column="26" TopLine="260"/>
      </Position6>
      <Position7>
        <Filename Value="sudoku.pas"/>
        <Caret Line="323" Column="30" TopLine="286"/>
      </Position7>
      <Position8>
        <Filename Value="sudoku.pas"/>
        <Caret Line="352" Column="26" TopLine="317"/>
      </Position8>
      <Position9>
        <Filename Value="sudoku.pas"/>
        <Caret Line="354" Column="26" TopLine="317"/>
      </Position9>
      <Position10>
        <Filename Value="sudoku.pas"/>
        <Caret Line="362" Column="32" TopLine="338"/>
      </Position10>
      <Position11>
        <Filename Value="sudoku.pas"/>
        <Caret Line="41" Column="22" TopLine="24"/>
      </Position11>
      <Position12>
        <Filename Value="sudoku.pas"/>
        <Caret Line="330" TopLine="308"/>
      </Position12>
      <Position13>
        <Filename Value="sudoku.pas"/>
        <Caret Line="37" Column="16" TopLine="14"/>
      </Position13>
      <Position14>
        <Filename Value="..\lazarus64\fpc\3.0.4\source\rtl\objpas\types.pp"/>
        <Caret Line="83" Column="3" TopLine="61"/>
      </Position14>
      <Position15>
        <Filename Value="sudoku.pas"/>
        <Caret Line="324" Column="33" TopLine="302"/>
      </Position15>
      <Position16>
        <Filename Value="sudoku.pas"/>
        <Caret Line="325" Column="7" TopLine="302"/>
      </Position16>
      <Position17>
        <Filename Value="Sudoku3Surface.pas"/>
        <Caret Line="147" Column="26" TopLine="137"/>
      </Position17>
      <Position18>
        <Filename Value="Sudoku3Surface.pas"/>
        <Caret Line="99" Column="26" TopLine="89"/>
      </Position18>
      <Position19>
        <Filename Value="Sudoku3Surface.pas"/>
        <Caret Line="174" Column="5" TopLine="151"/>
      </Position19>
      <Position20>
        <Filename Value="Sudoku3Surface.pas"/>
        <Caret Line="99" TopLine="89"/>
      </Position20>
      <Position21>
        <Filename Value="Sudoku3Surface.pas"/>
        <Caret Line="174" TopLine="151"/>
      </Position21>
      <Position22>
        <Filename Value="sudoku3Project.lpr"/>
        <Caret Line="17"/>
      </Position22>
      <Position23>
        <Filename Value="Sudoku3Surface.pas"/>
        <Caret Line="174" Column="5" TopLine="151"/>
      </Position23>
      <Position24>
        <Filename Value="Sudoku3Surface.pas"/>
        <Caret Line="101" Column="27" TopLine="78"/>
      </Position24>
      <Position25>
        <Filename Value="Sudoku3Surface.pas"/>
        <Caret Line="97" Column="3" TopLine="78"/>
      </Position25>
      <Position26>
        <Filename Value="Sudoku3Surface.pas"/>
        <Caret Line="61" Column="15" TopLine="39"/>
      </Position26>
      <Position27>
        <Filename Value="Sudoku3Surface.pas"/>
        <Caret Line="97" Column="61" TopLine="59"/>
      </Position27>
      <Position28>
        <Filename Value="Sudoku3Surface.pas"/>
        <Caret Line="101" Column="36" TopLine="63"/>
      </Position28>
      <Position29>
        <Filename Value="Sudoku3Surface.pas"/>
        <Caret Line="174" Column="63" TopLine="136"/>
      </Position29>
      <Position30>
        <Filename Value="Sudoku3Surface.pas"/>
        <Caret Line="217" TopLine="179"/>
      </Position30>
    </JumpHistory>
  </ProjectOptions>
  <CompilerOptions>
    <Version Value="11"/>
    <PathDelim Value="\"/>
    <Target>
      <Filename Value="Sudoku"/>
    </Target>
    <SearchPaths>
      <OtherUnitFiles Value="common"/>
    </SearchPaths>
    <Parsing>
      <SyntaxOptions>
        <AllowLabel Value="False"/>
        <CPPInline Value="False"/>
      </SyntaxOptions>
    </Parsing>
    <CodeGeneration>
      <SmartLinkUnit Value="True"/>
      <Optimizations>
        <OptimizationLevel Value="3"/>
      </Optimizations>
      <SmallerCode Value="True"/>
    </CodeGeneration>
    <Linking>
      <Debugging>
        <GenerateDebugInfo Value="False"/>
        <UseLineInfoUnit Value="False"/>
        <StripSymbols Value="True"/>
      </Debugging>
      <LinkSmart Value="True"/>
      <Options>
        <Win32>
          <GraphicApplication Value="True"/>
        </Win32>
      </Options>
    </Linking>
  </CompilerOptions>
  <Debugging>
    <Exceptions Count="2">
      <Item1>
        <Name Value="ECodetoolError"/>
      </Item1>
      <Item2>
        <Name Value="EFOpenError"/>
      </Item2>
    </Exceptions>
  </Debugging>
</CONFIG>
